{
  "name": "gospot-ish",
  "version": "5.5.1",
  "lockfileVersion": 3,
  "requires": true,
  "packages": {
    "": {
      "name": "gospot-ish",
      "version": "5.5.1",
      "license": "ISC",
      "dependencies": {
        "boxen": "^5.1.2",
        "chalk": "^4.1.2"
      },
      "devDependencies": {
        "@semantic-release/changelog": "^6.0.3",
        "@semantic-release/git": "^10.0.1",
        "semantic-release": "^21.0.0"
      }
    },
    "node_modules/boxen": {
      "version": "5.1.2",
      "resolved": "https://registry.npmjs.org/boxen/-/boxen-5.1.2.tgz",
      "integrity": "sha512-5bDq8xO/ZKuzL+WWRvV0E9fhnr+RlWMCXh3U3rHXRmrXDhZzX3bNqvnbG5No4R7fZ4qvPl9pTvStvU8JzONy7A==",
      "dependencies": {
        "chalk": "^4.1.2",
        "cli-boxes": "^2.2.1",
        "string-width": "^4.2.3",
        "type-fest": "^0.20.2",
        "widest-line": "^3.1.0",
        "wrap-ansi": "^7.0.0"
      }
    },
    "node_modules/chalk": {
      "version": "4.1.2",
      "resolved": "https://registry.npmjs.org/chalk/-/chalk-4.1.2.tgz",
      "integrity": "sha512-oKnbvF3xvmT1s7aOTr7QXhYDCV0qfFj1smEBrj7Sm3iGSwk+GB5YI4lt+tX4Fv2gX3V4T1jKzZy3p0kGk6i0+A==",
      "dependencies": {
        "ansi-styles": "^4.3.0",
        "supports-color": "^7.2.0"
      }
    },
    "node_modules/@semantic-release/changelog": {
      "version": "6.0.3",
      "resolved": "https://registry.npmjs.org/@semantic-release/changelog/-/changelog-6.0.3.tgz",
      "integrity": "sha512-Ke6C3UMHgYUr6YVq0fYZbZHRV3b8R+Y3UMYgJx1P3oFZf2CGTq4jKIMswJ4cZ3E1q5f8Dq+DFOqBhtdzv+v3vQ=="
    },
    "node_modules/@semantic-release/git": {
      "version": "10.0.1",
      "resolved": "https://registry.npmjs.org/@semantic-release/git/-/git-10.0.1.tgz",
      "integrity": "sha512-KmcuJXskayh8D++TKVYDh9xEOGxJ0jWrDJVh+0m2BzxzYf6F0K1xd38g1PbUj9S34OpxcQG6VNYO7R64J+vVqA=="
    },
    "node_modules/semantic-release": {
      "version": "21.0.0",
      "resolved": "https://registry.npmjs.org/semantic-release/-/semantic-release-21.0.0.tgz",
      "integrity": "sha512-8ejDwQHnRhVraGEMnVJBLyX6yO3AtEQj6Hh3IK+RSF03MCup7N8sGkLwR7ijj4ny72+AToUq5RPrrD1m+l+Kig=="
    }
  }
}
